{
  "version": 4,
  "terraform_version": "1.5.4",
  "serial": 3,
  "lineage": "1a2936bb-1fdb-dc35-fe8f-05a29632a95f",
  "outputs": {},
  "resources": [
    {
      "mode": "managed",
      "type": "google_container_cluster",
      "name": "standard_cluster",
      "provider": "provider[\"registry.terraform.io/hashicorp/google\"]",
      "instances": [
        {
          "schema_version": 1,
          "attributes": {
            "addons_config": [
              {
                "cloudrun_config": [],
                "config_connector_config": [],
                "dns_cache_config": [],
                "gce_persistent_disk_csi_driver_config": [
                  {
                    "enabled": true
                  }
                ],
                "gcp_filestore_csi_driver_config": [],
                "gcs_fuse_csi_driver_config": [],
                "gke_backup_agent_config": [],
                "horizontal_pod_autoscaling": [],
                "http_load_balancing": [],
                "network_policy_config": [
                  {
                    "disabled": true
                  }
                ]
              }
            ],
            "allow_net_admin": null,
            "authenticator_groups_config": [],
            "binary_authorization": [
              {
                "enabled": false,
                "evaluation_mode": ""
              }
            ],
            "cluster_autoscaling": [
              {
                "auto_provisioning_defaults": [],
                "enabled": false,
                "resource_limits": []
              }
            ],
            "cluster_ipv4_cidr": "10.0.0.0/14",
            "confidential_nodes": [],
            "cost_management_config": [],
            "database_encryption": [
              {
                "key_name": "",
                "state": "DECRYPTED"
              }
            ],
            "datapath_provider": "",
            "default_max_pods_per_node": null,
            "default_snat_status": [
              {
                "disabled": false
              }
            ],
            "description": "",
            "dns_config": [],
            "enable_autopilot": false,
            "enable_binary_authorization": false,
            "enable_intranode_visibility": false,
            "enable_kubernetes_alpha": false,
            "enable_l4_ilb_subsetting": false,
            "enable_legacy_abac": false,
            "enable_shielded_nodes": true,
            "enable_tpu": false,
            "endpoint": "34.66.151.173",
            "gateway_api_config": [],
            "id": "projects/teste-softdesign/locations/us-central1-a/clusters/cl-teste-softdesign",
            "initial_node_count": 1,
            "ip_allocation_policy": [],
            "label_fingerprint": "a9dc16a7",
            "location": "us-central1-a",
            "logging_config": [
              {
                "enable_components": [
                  "SYSTEM_COMPONENTS",
                  "WORKLOADS"
                ]
              }
            ],
            "logging_service": "logging.googleapis.com/kubernetes",
            "maintenance_policy": [],
            "master_auth": [
              {
                "client_certificate": "",
                "client_certificate_config": [
                  {
                    "issue_client_certificate": false
                  }
                ],
                "client_key": "",
                "cluster_ca_certificate": "LS0tLS1CRUdJTiBDRVJUSUZJQ0FURS0tLS0tCk1JSUVMVENDQXBXZ0F3SUJBZ0lSQU9pcXdIV2RERHJLdWJCYWFqS1JFa0F3RFFZSktvWklodmNOQVFFTEJRQXcKTHpFdE1Dc0dBMVVFQXhNa1l6RTFNMlkzTVRVdE1URmhNeTAwTUdKbUxUa3lNV1F0T1dRNE1XWTBaREZsWkdaaApNQ0FYRFRJek1EZ3dOakF4TURFek0xb1lEekl3TlRNd056STVNREl3TVRNeldqQXZNUzB3S3dZRFZRUURFeVJqCk1UVXpaamN4TlMweE1XRXpMVFF3WW1ZdE9USXhaQzA1WkRneFpqUmtNV1ZrWm1Fd2dnR2lNQTBHQ1NxR1NJYjMKRFFFQkFRVUFBNElCandBd2dnR0tBb0lCZ1FDaW1Lbjk2K3VRd1JzMFhwQ2p0NFdBNFRxTkVsMXJweFptMjl1WQpmYlRBK3RPdmRMUHNjL1JxNkh1dkRZbm9NN2ZEV3lndXAzWi9PazFGS2o5T0VLL2pKd1J1a0J6Y01RbGtvcEMwCjdVeE9sR0k3VkM1em5pellaMjQ1VHhvbE1NV3BpMlF4V3JtdXJzTlBBQmlyNFFXQllMU3R4ZDA2akdTZDkydFYKOGpTSTI2a0J1QmNuL1B1enNTMFV6VVozLzg5cmJZb2JqMUtCb0UyWVkyM0xNNkl0RG5ZeGk0WlltbE9helVRdgpkVlhONHFWVHgyWmxlY0ZobnBrVlJwalc0MlVWVW04OEwzQ2dpVWZUMFhNTG94c1o5Q1lOd1BkcDZuNG91eTJ3Cll4Qk9OY2M5MGE4RzQ3b0duNjRmbFl2QUZxQXNCTFI2VFJSRGs2WW8xd0pZL3ZWa0JtUlB0ME42ZlQxVXJ4VUYKSEdqdGhxcUNVY2xaUVZlb1Q1eFJqaXlUeng5SHYxS2s1TWxYeE5ndE1PK3dvd2tidHBNc0FKdDZjWXVYY240aAp3bHhPNW5UcEo3K1hzcGdET3JIMlMrSENxc0RsNEJIWGcrL25ndUJENWdBa3RYb09PaXlYZTRIQ3JORGNMZDJECnRhNWIrb1ptMDk4VmdLSXUzOW4vQnlHbnJ5Y0NBd0VBQWFOQ01FQXdEZ1lEVlIwUEFRSC9CQVFEQWdJRU1BOEcKQTFVZEV3RUIvd1FGTUFNQkFmOHdIUVlEVlIwT0JCWUVGSlhDejhFQm1ETHBCVWNVNDhCWWpySVczQnZvTUEwRwpDU3FHU0liM0RRRUJDd1VBQTRJQmdRQ0hlbmkwU3F3NWxzRnM2VlZqU1VoaDdTT1N2NDlSaTM3SUtQL3hLaW5TCkpsRUV2ZnNkWENBb1JocE5jeEJ1NGo4SjR5cThkZVl6MCtKYUFwY3VDcWUzdXVaVU9VbklabTZjbUl1NjZlZDcKbTlKTlE0S1JreGJXVlRRU3pQdjNIVmFpUURNb1l5NkF2djBDbTFvZVc4VVIwTTgvdDVzeklkNnlMMGZFZXVJdwpyN2RXQUIxeWQ5dzU4Z2l0d3ZYSHc2bmVQNVJqZytZQlhyYVc3cXl1cVM1MWwrdGRIcnpQdXlvVWZiZU1VTUpTClVjYnpmNFVmcTlQbWo3cVZacENnb3VvSURYbXJnRW5WNGJLVk5rMVBEV3NRbm1JQTh4YUwzN1c0TmRLOURsKzcKdjlRcFNMKzdPaDgyajU0QjMvZWJZSk9OYjR2MHd5cGZTRC94MlVxQVFwK085QXJSKzFMR3FvVTFjR2JJV0tWWAo3bHZJRmpxbmdQQnpLTWd3QStMdTR4bnlSMHJiemFPQmtUTSs3b3h6L3VBRFY5a2hDNnE3bHJrc2tNN214cDZ3CkVVNlF4WFNSUFhvYlNOdzJYNVpiREpwdWFNOThTNHc3ZjRvZEQxNFV4VTRkWjMzNjhJdmtlRWVISHBqbHIrMDIKUEVBT2JWWm9oQy9BVk9SMlBGQ1plNEE9Ci0tLS0tRU5EIENFUlRJRklDQVRFLS0tLS0K"
              }
            ],
            "master_authorized_networks_config": [],
            "master_version": "1.27.2-gke.1200",
            "mesh_certificates": [],
            "min_master_version": null,
            "monitoring_config": [
              {
                "enable_components": [
                  "SYSTEM_COMPONENTS"
                ],
                "managed_prometheus": [
                  {
                    "enabled": true
                  }
                ]
              }
            ],
            "monitoring_service": "monitoring.googleapis.com/kubernetes",
            "name": "cl-teste-softdesign",
            "network": "projects/teste-softdesign/global/networks/default",
            "network_policy": [
              {
                "enabled": false,
                "provider": "PROVIDER_UNSPECIFIED"
              }
            ],
            "networking_mode": "ROUTES",
            "node_config": [],
            "node_locations": [],
            "node_pool": [],
            "node_pool_defaults": [
              {
                "node_config_defaults": [
                  {
                    "logging_variant": "DEFAULT"
                  }
                ]
              }
            ],
            "node_version": "1.27.2-gke.1200",
            "notification_config": [
              {
                "pubsub": [
                  {
                    "enabled": false,
                    "filter": [],
                    "topic": ""
                  }
                ]
              }
            ],
            "operation": null,
            "private_cluster_config": [
              {
                "enable_private_endpoint": false,
                "enable_private_nodes": false,
                "master_global_access_config": [
                  {
                    "enabled": false
                  }
                ],
                "master_ipv4_cidr_block": "",
                "peering_name": "",
                "private_endpoint": "10.128.0.2",
                "private_endpoint_subnetwork": "",
                "public_endpoint": "34.66.151.173"
              }
            ],
            "private_ipv6_google_access": "",
            "project": "teste-softdesign",
            "release_channel": [
              {
                "channel": "REGULAR"
              }
            ],
            "remove_default_node_pool": true,
            "resource_labels": null,
            "resource_usage_export_config": [],
            "security_posture_config": [
              {
                "mode": "MODE_UNSPECIFIED",
                "vulnerability_mode": "VULNERABILITY_MODE_UNSPECIFIED"
              }
            ],
            "self_link": "https://container.googleapis.com/v1/projects/teste-softdesign/zones/us-central1-a/clusters/cl-teste-softdesign",
            "service_external_ips_config": [
              {
                "enabled": false
              }
            ],
            "services_ipv4_cidr": "10.3.240.0/20",
            "subnetwork": "projects/teste-softdesign/regions/us-central1/subnetworks/default",
            "timeouts": null,
            "tpu_ipv4_cidr_block": "",
            "vertical_pod_autoscaling": [],
            "workload_identity_config": []
          },
          "sensitive_attributes": [],
          "private": "eyJlMmJmYjczMC1lY2FhLTExZTYtOGY4OC0zNDM2M2JjN2M0YzAiOnsiY3JlYXRlIjoyNDAwMDAwMDAwMDAwLCJkZWxldGUiOjI0MDAwMDAwMDAwMDAsInJlYWQiOjI0MDAwMDAwMDAwMDAsInVwZGF0ZSI6MzYwMDAwMDAwMDAwMH0sInNjaGVtYV92ZXJzaW9uIjoiMSJ9"
        }
      ]
    },
    {
      "mode": "managed",
      "type": "google_container_node_pool",
      "name": "primary_pool",
      "provider": "provider[\"registry.terraform.io/hashicorp/google\"]",
      "instances": [
        {
          "schema_version": 1,
          "attributes": {
            "autoscaling": [],
            "cluster": "cl-teste-softdesign",
            "id": "projects/teste-softdesign/locations/us-central1-a/clusters/cl-teste-softdesign/nodePools/pool-teste-softdesign",
            "initial_node_count": 2,
            "instance_group_urls": [
              "https://www.googleapis.com/compute/v1/projects/teste-softdesign/zones/us-central1-a/instanceGroupManagers/gke-cl-teste-softdes-pool-teste-softd-253ab8e4-grp"
            ],
            "location": "us-central1-a",
            "managed_instance_group_urls": [
              "https://www.googleapis.com/compute/v1/projects/teste-softdesign/zones/us-central1-a/instanceGroups/gke-cl-teste-softdes-pool-teste-softd-253ab8e4-grp"
            ],
            "management": [
              {
                "auto_repair": true,
                "auto_upgrade": true
              }
            ],
            "max_pods_per_node": null,
            "name": "pool-teste-softdesign",
            "name_prefix": "",
            "network_config": [
              {
                "create_pod_range": false,
                "enable_private_nodes": false,
                "pod_cidr_overprovision_config": [],
                "pod_ipv4_cidr_block": "",
                "pod_range": ""
              }
            ],
            "node_config": [
              {
                "advanced_machine_features": [],
                "boot_disk_kms_key": "",
                "disk_size_gb": 10,
                "disk_type": "pd-standard",
                "ephemeral_storage_local_ssd_config": [],
                "gcfs_config": [],
                "guest_accelerator": [],
                "gvnic": [],
                "image_type": "COS_CONTAINERD",
                "kubelet_config": [],
                "labels": {},
                "linux_node_config": [],
                "local_nvme_ssd_block_config": [],
                "local_ssd_count": 0,
                "logging_variant": "DEFAULT",
                "machine_type": "n1-standard-1",
                "metadata": {
                  "disable-legacy-endpoints": "true"
                },
                "min_cpu_platform": "",
                "node_group": "",
                "oauth_scopes": [
                  "https://www.googleapis.com/auth/logging.write",
                  "https://www.googleapis.com/auth/monitoring"
                ],
                "preemptible": false,
                "reservation_affinity": [],
                "resource_labels": null,
                "service_account": "default",
                "shielded_instance_config": [
                  {
                    "enable_integrity_monitoring": true,
                    "enable_secure_boot": false
                  }
                ],
                "sole_tenant_config": [],
                "spot": false,
                "tags": null,
                "taint": [],
                "workload_metadata_config": []
              }
            ],
            "node_count": 2,
            "node_locations": [
              "us-central1-a"
            ],
            "operation": null,
            "placement_policy": [],
            "project": "teste-softdesign",
            "timeouts": null,
            "upgrade_settings": [
              {
                "blue_green_settings": [],
                "max_surge": 1,
                "max_unavailable": 0,
                "strategy": "SURGE"
              }
            ],
            "version": "1.27.2-gke.1200"
          },
          "sensitive_attributes": [],
          "private": "eyJlMmJmYjczMC1lY2FhLTExZTYtOGY4OC0zNDM2M2JjN2M0YzAiOnsiY3JlYXRlIjoxODAwMDAwMDAwMDAwLCJkZWxldGUiOjE4MDAwMDAwMDAwMDAsInVwZGF0ZSI6MTgwMDAwMDAwMDAwMH0sInNjaGVtYV92ZXJzaW9uIjoiMSJ9",
          "dependencies": [
            "google_container_cluster.standard_cluster"
          ]
        }
      ]
    }
  ],
  "check_results": null
}
